Microsoft Visual Studio Solution File, Format Version 12.00
# Visual Studio Version 17
VisualStudioVersion = 17.8.34511.84
MinimumVisualStudioVersion = 16.0.0.0
Project("{9A19103F-16F7-4668-BE54-9A1E7A4F7556}") = "Memorize.Server", "Server\Memorize.Server.csproj", "{BDAF196A-73B4-4F2A-80EE-A9A1249DE065}"
EndProject
Project("{9A19103F-16F7-4668-BE54-9A1E7A4F7556}") = "Memorize.Client", "Client\Memorize.Client.csproj", "{C96B1BA3-2824-4AC6-A37E-5AE2880645B6}"
EndProject
Project("{9A19103F-16F7-4668-BE54-9A1E7A4F7556}") = "Memorize.Shared", "Shared\Memorize.Shared.csproj", "{2CAD077A-16B4-4062-B15E-EB2A7F139819}"
EndProject
Global
	GlobalSection(SolutionConfigurationPlatforms) = preSolution
		Debug|Any CPU = Debug|Any CPU
		Debug|x64 = Debug|x64
		Debug|x86 = Debug|x86
		Release|Any CPU = Release|Any CPU
		Release|x64 = Release|x64
		Release|x86 = Release|x86
	EndGlobalSection
	GlobalSection(ProjectConfigurationPlatforms) = postSolution
		{BDAF196A-73B4-4F2A-80EE-A9A1249DE065}.Debug|Any CPU.ActiveCfg = Debug|Any CPU
		{BDAF196A-73B4-4F2A-80EE-A9A1249DE065}.Debug|Any CPU.Build.0 = Debug|Any CPU
		{BDAF196A-73B4-4F2A-80EE-A9A1249DE065}.Debug|x64.ActiveCfg = Debug|Any CPU
		{BDAF196A-73B4-4F2A-80EE-A9A1249DE065}.Debug|x64.Build.0 = Debug|Any CPU
		{BDAF196A-73B4-4F2A-80EE-A9A1249DE065}.Debug|x86.ActiveCfg = Debug|Any CPU
		{BDAF196A-73B4-4F2A-80EE-A9A1249DE065}.Debug|x86.Build.0 = Debug|Any CPU
		{BDAF196A-73B4-4F2A-80EE-A9A1249DE065}.Release|Any CPU.ActiveCfg = Release|Any CPU
		{BDAF196A-73B4-4F2A-80EE-A9A1249DE065}.Release|Any CPU.Build.0 = Release|Any CPU
		{BDAF196A-73B4-4F2A-80EE-A9A1249DE065}.Release|x64.ActiveCfg = Release|Any CPU
		{BDAF196A-73B4-4F2A-80EE-A9A1249DE065}.Release|x64.Build.0 = Release|Any CPU
		{BDAF196A-73B4-4F2A-80EE-A9A1249DE065}.Release|x86.ActiveCfg = Release|Any CPU
		{BDAF196A-73B4-4F2A-80EE-A9A1249DE065}.Release|x86.Build.0 = Release|Any CPU
		{C96B1BA3-2824-4AC6-A37E-5AE2880645B6}.Debug|Any CPU.ActiveCfg = Debug|Any CPU
		{C96B1BA3-2824-4AC6-A37E-5AE2880645B6}.Debug|Any CPU.Build.0 = Debug|Any CPU
		{C96B1BA3-2824-4AC6-A37E-5AE2880645B6}.Debug|x64.ActiveCfg = Debug|Any CPU
		{C96B1BA3-2824-4AC6-A37E-5AE2880645B6}.Debug|x64.Build.0 = Debug|Any CPU
		{C96B1BA3-2824-4AC6-A37E-5AE2880645B6}.Debug|x86.ActiveCfg = Debug|Any CPU
		{C96B1BA3-2824-4AC6-A37E-5AE2880645B6}.Debug|x86.Build.0 = Debug|Any CPU
		{C96B1BA3-2824-4AC6-A37E-5AE2880645B6}.Release|Any CPU.ActiveCfg = Release|Any CPU
		{C96B1BA3-2824-4AC6-A37E-5AE2880645B6}.Release|Any CPU.Build.0 = Release|Any CPU
		{C96B1BA3-2824-4AC6-A37E-5AE2880645B6}.Release|x64.ActiveCfg = Release|Any CPU
		{C96B1BA3-2824-4AC6-A37E-5AE2880645B6}.Release|x64.Build.0 = Release|Any CPU
		{C96B1BA3-2824-4AC6-A37E-5AE2880645B6}.Release|x86.ActiveCfg = Release|Any CPU
		{C96B1BA3-2824-4AC6-A37E-5AE2880645B6}.Release|x86.Build.0 = Release|Any CPU
		{2CAD077A-16B4-4062-B15E-EB2A7F139819}.Debug|Any CPU.ActiveCfg = Debug|Any CPU
		{2CAD077A-16B4-4062-B15E-EB2A7F139819}.Debug|Any CPU.Build.0 = Debug|Any CPU
		{2CAD077A-16B4-4062-B15E-EB2A7F139819}.Debug|x64.ActiveCfg = Debug|Any CPU
		{2CAD077A-16B4-4062-B15E-EB2A7F139819}.Debug|x64.Build.0 = Debug|Any CPU
		{2CAD077A-16B4-4062-B15E-EB2A7F139819}.Debug|x86.ActiveCfg = Debug|Any CPU
		{2CAD077A-16B4-4062-B15E-EB2A7F139819}.Debug|x86.Build.0 = Debug|Any CPU
		{2CAD077A-16B4-4062-B15E-EB2A7F139819}.Release|Any CPU.ActiveCfg = Release|Any CPU
		{2CAD077A-16B4-4062-B15E-EB2A7F139819}.Release|Any CPU.Build.0 = Release|Any CPU
		{2CAD077A-16B4-4062-B15E-EB2A7F139819}.Release|x64.ActiveCfg = Release|Any CPU
		{2CAD077A-16B4-4062-B15E-EB2A7F139819}.Release|x64.Build.0 = Release|Any CPU
		{2CAD077A-16B4-4062-B15E-EB2A7F139819}.Release|x86.ActiveCfg = Release|Any CPU
		{2CAD077A-16B4-4062-B15E-EB2A7F139819}.Release|x86.Build.0 = Release|Any CPU
	EndGlobalSection
	GlobalSection(SolutionProperties) = preSolution
		HideSolutionNode = FALSE
	EndGlobalSection
	GlobalSection(ExtensibilityGlobals) = postSolution
		SolutionGuid = {36CBD3B1-B4A9-45E7-9173-80F244B4346C}
	EndGlobalSection
EndGlobal
